github.com/evanw/esbuild v0.9.5 h1:4BJ44eCwIn6w6V/+hNnXOK0jt6F98KO+ANrMnG30Hvk=
github.com/evanw/esbuild v0.9.5/go.mod h1:y2AFBAGVelPqPodpdtxWWqe6n2jYf5FrsJbligmRmuw=
golang.org/x/sys v0.0.0-20200501145240-bc7a7d42d5c3 h1:5B6i6EAiSYyejWfvc5Rc9BbI3rzIsrrXfAQBWnYfn+w=
golang.org/x/sys v0.0.0-20200501145240-bc7a7d42d5c3/go.mod h1:h1NjWce9XRLGQEsW7wpKNCjG9DtNlClVuFLEZdDNbEs=
rogchap.com/v8go v0.5.2-0.20210416054929-571ffb097524 h1:8K0+kketPCIWLsWpSop+XFowDnbCPBqhDLMHnjfkQ0M=
rogchap.com/v8go v0.5.2-0.20210416054929-571ffb097524/go.mod h1:IitZnaOtWSJadY/7qinKHIEHpxsilMWyLQ+Efdo4n4I=
